
Microsoft Visual Studio Solution File, Format Version 12.00
# 
Project("{FAE04EC0-301F-11D3-BF4B-00C04F79EFBC}") = "ServerProg_Ind", "ServerProg_Ind\ServerProg_Ind.csproj", "{EC40E871-24A7-484A-86F2-15B03FA47ADA}"
EndProject
Project("{FAE04EC0-301F-11D3-BF4B-00C04F79EFBC}") = "ServerProg_Ind.Tests", "ServerProg_Ind.Tests\ServerProg_Ind.Tests.csproj", "{479E9AF6-D167-49FB-AD14-0F63854FF286}"
EndProject
Global
	GlobalSection(SolutionConfigurationPlatforms) = preSolution
		Debug|Any CPU = Debug|Any CPU
		Release|Any CPU = Release|Any CPU
	EndGlobalSection
	GlobalSection(ProjectConfigurationPlatforms) = postSolution
		{EC40E871-24A7-484A-86F2-15B03FA47ADA}.Debug|Any CPU.ActiveCfg = Debug|Any CPU
		{EC40E871-24A7-484A-86F2-15B03FA47ADA}.Debug|Any CPU.Build.0 = Debug|Any CPU
		{EC40E871-24A7-484A-86F2-15B03FA47ADA}.Release|Any CPU.ActiveCfg = Release|Any CPU
		{EC40E871-24A7-484A-86F2-15B03FA47ADA}.Release|Any CPU.Build.0 = Release|Any CPU
		{479E9AF6-D167-49FB-AD14-0F63854FF286}.Debug|Any CPU.ActiveCfg = Debug|Any CPU
		{479E9AF6-D167-49FB-AD14-0F63854FF286}.Debug|Any CPU.Build.0 = Debug|Any CPU
		{479E9AF6-D167-49FB-AD14-0F63854FF286}.Release|Any CPU.ActiveCfg = Release|Any CPU
		{479E9AF6-D167-49FB-AD14-0F63854FF286}.Release|Any CPU.Build.0 = Release|Any CPU
	EndGlobalSection
EndGlobal
